
Microsoft Visual Studio Solution File, Format Version 12.00
# Visual Studio 15
VisualStudioVersion = 15.0.26730.10
MinimumVisualStudioVersion = 10.0.40219.1
Project("{FAE04EC0-301F-11D3-BF4B-00C04F79EFBC}") = "VermaNet.AwesomeBoard", "VermaNet.AwesomeBoard\VermaNet.AwesomeBoard.csproj", "{1980D230-016D-4478-9D87-847D9C2DD636}"
EndProject
Project("{FAE04EC0-301F-11D3-BF4B-00C04F79EFBC}") = "VermaNet.Data.TigerpawEnhancements", "VermaNet.Data.TigerpawEnhancements\VermaNet.Data.TigerpawEnhancements.csproj", "{B71E004A-7AEE-4F1C-ACEC-828BC8D95980}"
EndProject
Project("{FAE04EC0-301F-11D3-BF4B-00C04F79EFBC}") = "VermaNet.Common", "VermaNet.Common\VermaNet.Common.csproj", "{FE1956DC-3A17-4A30-B085-349582F661A9}"
EndProject
Global
	GlobalSection(SolutionConfigurationPlatforms) = preSolution
		Debug|Any CPU = Debug|Any CPU
		Release|Any CPU = Release|Any CPU
	EndGlobalSection
	GlobalSection(ProjectConfigurationPlatforms) = postSolution
		{1980D230-016D-4478-9D87-847D9C2DD636}.Debug|Any CPU.ActiveCfg = Debug|Any CPU
		{1980D230-016D-4478-9D87-847D9C2DD636}.Debug|Any CPU.Build.0 = Debug|Any CPU
		{1980D230-016D-4478-9D87-847D9C2DD636}.Release|Any CPU.ActiveCfg = Release|Any CPU
		{1980D230-016D-4478-9D87-847D9C2DD636}.Release|Any CPU.Build.0 = Release|Any CPU
		{B71E004A-7AEE-4F1C-ACEC-828BC8D95980}.Debug|Any CPU.ActiveCfg = Debug|Any CPU
		{B71E004A-7AEE-4F1C-ACEC-828BC8D95980}.Debug|Any CPU.Build.0 = Debug|Any CPU
		{B71E004A-7AEE-4F1C-ACEC-828BC8D95980}.Release|Any CPU.ActiveCfg = Release|Any CPU
		{B71E004A-7AEE-4F1C-ACEC-828BC8D95980}.Release|Any CPU.Build.0 = Release|Any CPU
		{FE1956DC-3A17-4A30-B085-349582F661A9}.Debug|Any CPU.ActiveCfg = Debug|Any CPU
		{FE1956DC-3A17-4A30-B085-349582F661A9}.Debug|Any CPU.Build.0 = Debug|Any CPU
		{FE1956DC-3A17-4A30-B085-349582F661A9}.Release|Any CPU.ActiveCfg = Release|Any CPU
		{FE1956DC-3A17-4A30-B085-349582F661A9}.Release|Any CPU.Build.0 = Release|Any CPU
	EndGlobalSection
	GlobalSection(SolutionProperties) = preSolution
		HideSolutionNode = FALSE
	EndGlobalSection
	GlobalSection(ExtensibilityGlobals) = postSolution
		SolutionGuid = {3D565A4C-2A10-4DF5-AA55-61B2ED68F510}
	EndGlobalSection
EndGlobal
